
Microsoft Visual Studio Solution File, Format Version 12.00
# Visual Studio Version 16
VisualStudioVersion = 16.0.29025.244
MinimumVisualStudioVersion = 10.0.40219.1
Project("{FAE04EC0-301F-11D3-BF4B-00C04F79EFBC}") = "ProjetoWebApiH", "ProjetoWebApiH\ProjetoWebApiH.csproj", "{CD4C7BAB-B2E4-46F1-B4F4-AB424E1F152C}"
EndProject
Global
	GlobalSection(SolutionConfigurationPlatforms) = preSolution
		Debug|Any CPU = Debug|Any CPU
		Release|Any CPU = Release|Any CPU
	EndGlobalSection
	GlobalSection(ProjectConfigurationPlatforms) = postSolution
		{CD4C7BAB-B2E4-46F1-B4F4-AB424E1F152C}.Debug|Any CPU.ActiveCfg = Debug|Any CPU
		{CD4C7BAB-B2E4-46F1-B4F4-AB424E1F152C}.Debug|Any CPU.Build.0 = Debug|Any CPU
		{CD4C7BAB-B2E4-46F1-B4F4-AB424E1F152C}.Release|Any CPU.ActiveCfg = Release|Any CPU
		{CD4C7BAB-B2E4-46F1-B4F4-AB424E1F152C}.Release|Any CPU.Build.0 = Release|Any CPU
	EndGlobalSection
	GlobalSection(SolutionProperties) = preSolution
		HideSolutionNode = FALSE
	EndGlobalSection
	GlobalSection(ExtensibilityGlobals) = postSolution
		SolutionGuid = {1F2FF9AC-7DCA-4F8A-A1D6-D0F1C4B12DDD}
	EndGlobalSection
EndGlobal
